// !$*UTF8*$!
{
	archiveVersion = 1;
	classes = {
	};
	objectVersion = 46;
	objects = {

/* Begin PBXBuildFile section */
		CD0CE0891A40C07C002E5B32 /* main.m in Sources */ = {isa = PBXBuildFile; fileRef = CD0CE0881A40C07C002E5B32 /* main.m */; };
		CD0CE08C1A40C07C002E5B32 /* AppDelegate.m in Sources */ = {isa = PBXBuildFile; fileRef = CD0CE08B1A40C07C002E5B32 /* AppDelegate.m */; };
		CD0CE08F1A40C07C002E5B32 /* ViewController.m in Sources */ = {isa = PBXBuildFile; fileRef = CD0CE08E1A40C07C002E5B32 /* ViewController.m */; };
		CD0CE0921A40C07D002E5B32 /* Main.storyboard in Resources */ = {isa = PBXBuildFile; fileRef = CD0CE0901A40C07D002E5B32 /* Main.storyboard */; };
		CD0CE0941A40C07D002E5B32 /* Images.xcassets in Resources */ = {isa = PBXBuildFile; fileRef = CD0CE0931A40C07D002E5B32 /* Images.xcassets */; };
		CD0CE0971A40C07D002E5B32 /* LaunchScreen.xib in Resources */ = {isa = PBXBuildFile; fileRef = CD0CE0951A40C07D002E5B32 /* LaunchScreen.xib */; };
		CD0CE0A31A40C07E002E5B32 /* ChallengeProjectTests.m in Sources */ = {isa = PBXBuildFile; fileRef = CD0CE0A21A40C07E002E5B32 /* ChallengeProjectTests.m */; };
/* End PBXBuildFile section */

/* Begin PBXContainerItemProxy section */
		CD0CE09D1A40C07E002E5B32 /* PBXContainerItemProxy */ = {
			isa = PBXContainerItemProxy;
			containerPortal = CD0CE07B1A40C078002E5B32 /* Project object */;
			proxyType = 1;
			remoteGlobalIDString = CD0CE0821A40C07A002E5B32;
			remoteInfo = ChallengeProject;
		};
/* End PBXContainerItemProxy section */

/* Begin PBXFileReference section */
		CD0CE0831A40C07B002E5B32 /* ChallengeProject.app */ = {isa = PBXFileReference; explicitFileType = wrapper.application; includeInIndex = 0; path = ChallengeProject.app; sourceTree = BUILT_PRODUCTS_DIR; };
		CD0CE0871A40C07C002E5B32 /* Info.plist */ = {isa = PBXFileReference; lastKnownFileType = text.plist.xml; path = Info.plist; sourceTree = "<group>"; };
		CD0CE0881A40C07C002E5B32 /* main.m */ = {isa = PBXFileReference; lastKnownFileType = sourcecode.c.objc; path = main.m; sourceTree = "<group>"; };
		CD0CE08A1A40C07C002E5B32 /* AppDelegate.h */ = {isa = PBXFileReference; lastKnownFileType = sourcecode.c.h; path = AppDelegate.h; sourceTree = "<group>"; };
		CD0CE08B1A40C07C002E5B32 /* AppDelegate.m */ = {isa = PBXFileReference; lastKnownFileType = sourcecode.c.objc; path = AppDelegate.m; sourceTree = "<group>"; };
		CD0CE08D1A40C07C002E5B32 /* ViewController.h */ = {isa = PBXFileReference; lastKnownFileType = sourcecode.c.h; path = ViewController.h; sourceTree = "<group>"; };
		CD0CE08E1A40C07C002E5B32 /* ViewController.m */ = {isa = PBXFileReference; lastKnownFileType = sourcecode.c.objc; path = ViewController.m; sourceTree = "<group>"; };
		CD0CE0911A40C07D002E5B32 /* Base */ = {isa = PBXFileReference; lastKnownFileType = file.storyboard; name = Base; path = Base.lproj/Main.storyboard; sourceTree = "<group>"; };
		CD0CE0931A40C07D002E5B32 /* Images.xcassets */ = {isa = PBXFileReference; lastKnownFileType = folder.assetcatalog; path = Images.xcassets; sourceTree = "<group>"; };
		CD0CE0961A40C07D002E5B32 /* Base */ = {isa = PBXFileReference; lastKnownFileType = file.xib; name = Base; path = Base.lproj/LaunchScreen.xib; sourceTree = "<group>"; };
		CD0CE09C1A40C07E002E5B32 /* ChallengeProjectTests.xctest */ = {isa = PBXFileReference; explicitFileType = wrapper.cfbundle; includeInIndex = 0; path = ChallengeProjectTests.xctest; sourceTree = BUILT_PRODUCTS_DIR; };
		CD0CE0A11A40C07E002E5B32 /* Info.plist */ = {isa = PBXFileReference; lastKnownFileType = text.plist.xml; path = Info.plist; sourceTree = "<group>"; };
		CD0CE0A21A40C07E002E5B32 /* ChallengeProjectTests.m */ = {isa = PBXFileReference; lastKnownFileType = sourcecode.c.objc; path = ChallengeProjectTests.m; sourceTree = "<group>"; };
/* End PBXFileReference section */

/* Begin PBXFrameworksBuildPhase section */
		CD0CE0801A40C07A002E5B32 /* Frameworks */ = {
			isa = PBXFrameworksBuildPhase;
			buildActionMask = 2147483647;
			files = (
			);
			runOnlyForDeploymentPostprocessing = 0;
		};
		CD0CE0991A40C07E002E5B32 /* Frameworks */ = {
			isa = PBXFrameworksBuildPhase;
			buildActionMask = 2147483647;
			files = (
			);
			runOnlyForDeploymentPostprocessing = 0;
		};
/* End PBXFrameworksBuildPhase section */

/* Begin PBXGroup section */
		CD0CE07A1A40C077002E5B32 = {
			isa = PBXGroup;
			children = (
				CD0CE0851A40C07B002E5B32 /* ChallengeProject */,
				CD0CE09F1A40C07E002E5B32 /* ChallengeProjectTests */,
				CD0CE0841A40C07B002E5B32 /* Products */,
			);
			sourceTree = "<group>";
		};
		CD0CE0841A40C07B002E5B32 /* Products */ = {
			isa = PBXGroup;
			children = (
				CD0CE0831A40C07B002E5B32 /* ChallengeProject.app */,
				CD0CE09C1A40C07E002E5B32 /* ChallengeProjectTests.xctest */,
			);
			name = Products;
			sourceTree = "<group>";
		};
		CD0CE0851A40C07B002E5B32 /* ChallengeProject */ = {
			isa = PBXGroup;
			children = (
				CD0CE08A1A40C07C002E5B32 /* AppDelegate.h */,
				CD0CE08B1A40C07C002E5B32 /* AppDelegate.m */,
				CD0CE08D1A40C07C002E5B32 /* ViewController.h */,
				CD0CE08E1A40C07C002E5B32 /* ViewController.m */,
				CD0CE0901A40C07D002E5B32 /* Main.storyboard */,
				CD0CE0931A40C07D002E5B32 /* Images.xcassets */,
				CD0CE0951A40C07D002E5B32 /* LaunchScreen.xib */,
				CD0CE0861A40C07B002E5B32 /* Supporting Files */,
			);
			path = ChallengeProject;
			sourceTree = "<group>";
		};
		CD0CE0861A40C07B002E5B32 /* Supporting Files */ = {
			isa = PBXGroup;
			children = (
				CD0CE0871A40C07C002E5B32 /* Info.plist */,
				CD0CE0881A40C07C002E5B32 /* main.m */,
			);
			name = "Supporting Files";
			sourceTree = "<group>";
		};
		CD0CE09F1A40C07E002E5B32 /* ChallengeProjectTests */ = {
			isa = PBXGroup;
			children = (
				CD0CE0A21A40C07E002E5B32 /* ChallengeProjectTests.m */,
				CD0CE0A01A40C07E002E5B32 /* Supporting Files */,
			);
			path = ChallengeProjectTests;
			sourceTree = "<group>";
		};
		CD0CE0A01A40C07E002E5B32 /* Supporting Files */ = {
			isa = PBXGroup;
			children = (
				CD0CE0A11A40C07E002E5B32 /* Info.plist */,
			);
			name = "Supporting Files";
			sourceTree = "<group>";
		};
/* End PBXGroup section */

/* Begin PBXNativeTarget section */
		CD0CE0821A40C07A002E5B32 /* ChallengeProject */ = {
			isa = PBXNativeTarget;
			buildConfigurationList = CD0CE0A61A40C07F002E5B32 /* Build configuration list for PBXNativeTarget "ChallengeProject" */;
			buildPhases = (
				CD0CE07F1A40C07A002E5B32 /* Sources */,
				CD0CE0801A40C07A002E5B32 /* Frameworks */,
				CD0CE0811A40C07A002E5B32 /* Resources */,
			);
			buildRules = (
			);
			dependencies = (
			);
			name = ChallengeProject;
			productName = ChallengeProject;
			productReference = CD0CE0831A40C07B002E5B32 /* ChallengeProject.app */;
			productType = "com.apple.product-type.application";
		};
		CD0CE09B1A40C07E002E5B32 /* ChallengeProjectTests */ = {
			isa = PBXNativeTarget;
			buildConfigurationList = CD0CE0A91A40C07F002E5B32 /* Build configuration list for PBXNativeTarget "ChallengeProjectTests" */;
			buildPhases = (
				CD0CE0981A40C07E002E5B32 /* Sources */,
				CD0CE0991A40C07E002E5B32 /* Frameworks */,
				CD0CE09A1A40C07E002E5B32 /* Resources */,
			);
			buildRules = (
			);
			dependencies = (
				CD0CE09E1A40C07E002E5B32 /* PBXTargetDependency */,
			);
			name = ChallengeProjectTests;
			productName = ChallengeProjectTests;
			productReference = CD0CE09C1A40C07E002E5B32 /* ChallengeProjectTests.xctest */;
			productType = "com.apple.product-type.bundle.unit-test";
		};
/* End PBXNativeTarget section */

/* Begin PBXProject section */
		CD0CE07B1A40C078002E5B32 /* Project object */ = {
			isa = PBXProject;
			attributes = {
				LastUpgradeCheck = 0610;
				ORGANIZATIONNAME = "Think Ninja";
				TargetAttributes = {
					CD0CE0821A40C07A002E5B32 = {
						CreatedOnToolsVersion = 6.1;
					};
					CD0CE09B1A40C07E002E5B32 = {
						CreatedOnToolsVersion = 6.1;
						TestTargetID = CD0CE0821A40C07A002E5B32;
					};
				};
			};
			buildConfigurationList = CD0CE07E1A40C079002E5B32 /* Build configuration list for PBXProject "ChallengeProject" */;
			compatibilityVersion = "Xcode 3.2";
			developmentRegion = English;
			hasScannedForEncodings = 0;
			knownRegions = (
				en,
				Base,
			);
			mainGroup = CD0CE07A1A40C077002E5B32;
			productRefGroup = CD0CE0841A40C07B002E5B32 /* Products */;
			projectDirPath = "";
			projectRoot = "";
			targets = (
				CD0CE0821A40C07A002E5B32 /* ChallengeProject */,
				CD0CE09B1A40C07E002E5B32 /* ChallengeProjectTests */,
			);
		};
/* End PBXProject section */

/* Begin PBXResourcesBuildPhase section */
		CD0CE0811A40C07A002E5B32 /* Resources */ = {
			isa = PBXResourcesBuildPhase;
			buildActionMask = 2147483647;
			files = (
				CD0CE0921A40C07D002E5B32 /* Main.storyboard in Resources */,
				CD0CE0971A40C07D002E5B32 /* LaunchScreen.xib in Resources */,
				CD0CE0941A40C07D002E5B32 /* Images.xcassets in Resources */,
			);
			runOnlyForDeploymentPostprocessing = 0;
		};
		CD0CE09A1A40C07E002E5B32 /* Resources */ = {
			isa = PBXResourcesBuildPhase;
			buildActionMask = 2147483647;
			files = (
			);
			runOnlyForDeploymentPostprocessing = 0;
		};
/* End PBXResourcesBuildPhase section */

/* Begin PBXSourcesBuildPhase section */
		CD0CE07F1A40C07A002E5B32 /* Sources */ = {
			isa = PBXSourcesBuildPhase;
			buildActionMask = 2147483647;
			files = (
				CD0CE08F1A40C07C002E5B32 /* ViewController.m in Sources */,
				CD0CE08C1A40C07C002E5B32 /* AppDelegate.m in Sources */,
				CD0CE0891A40C07C002E5B32 /* main.m in Sources */,
			);
			runOnlyForDeploymentPostprocessing = 0;
		};
		CD0CE0981A40C07E002E5B32 /* Sources */ = {
			isa = PBXSourcesBuildPhase;
			buildActionMask = 2147483647;
			files = (
				CD0CE0A31A40C07E002E5B32 /* ChallengeProjectTests.m in Sources */,
			);
			runOnlyForDeploymentPostprocessing = 0;
		};
/* End PBXSourcesBuildPhase section */

/* Begin PBXTargetDependency section */
		CD0CE09E1A40C07E002E5B32 /* PBXTargetDependency */ = {
			isa = PBXTargetDependency;
			target = CD0CE0821A40C07A002E5B32 /* ChallengeProject */;
			targetProxy = CD0CE09D1A40C07E002E5B32 /* PBXContainerItemProxy */;
		};
/* End PBXTargetDependency section */

/* Begin PBXVariantGroup section */
		CD0CE0901A40C07D002E5B32 /* Main.storyboard */ = {
			isa = PBXVariantGroup;
			children = (
				CD0CE0911A40C07D002E5B32 /* Base */,
			);
			name = Main.storyboard;
			sourceTree = "<group>";
		};
		CD0CE0951A40C07D002E5B32 /* LaunchScreen.xib */ = {
			isa = PBXVariantGroup;
			children = (
				CD0CE0961A40C07D002E5B32 /* Base */,
			);
			name = LaunchScreen.xib;
			sourceTree = "<group>";
		};
/* End PBXVariantGroup section */

/* Begin XCBuildConfiguration section */
		CD0CE0A41A40C07E002E5B32 /* Debug */ = {
			isa = XCBuildConfiguration;
			buildSettings = {
				ALWAYS_SEARCH_USER_PATHS = NO;
				CLANG_CXX_LANGUAGE_STANDARD = "gnu++0x";
				CLANG_CXX_LIBRARY = "libc++";
				CLANG_ENABLE_MODULES = YES;
				CLANG_ENABLE_OBJC_ARC = YES;
				CLANG_WARN_BOOL_CONVERSION = YES;
				CLANG_WARN_CONSTANT_CONVERSION = YES;
				CLANG_WARN_DIRECT_OBJC_ISA_USAGE = YES_ERROR;
				CLANG_WARN_EMPTY_BODY = YES;
				CLANG_WARN_ENUM_CONVERSION = YES;
				CLANG_WARN_INT_CONVERSION = YES;
				CLANG_WARN_OBJC_ROOT_CLASS = YES_ERROR;
				CLANG_WARN_UNREACHABLE_CODE = YES;
				CLANG_WARN__DUPLICATE_METHOD_MATCH = YES;
				"CODE_SIGN_IDENTITY[sdk=iphoneos*]" = "iPhone Developer";
				COPY_PHASE_STRIP = NO;
				ENABLE_STRICT_OBJC_MSGSEND = YES;
				GCC_C_LANGUAGE_STANDARD = gnu99;
				GCC_DYNAMIC_NO_PIC = NO;
				GCC_OPTIMIZATION_LEVEL = 0;
				GCC_PREPROCESSOR_DEFINITIONS = (
					"DEBUG=1",
					"$(inherited)",
				);
				GCC_SYMBOLS_PRIVATE_EXTERN = NO;
				GCC_WARN_64_TO_32_BIT_CONVERSION = YES;
				GCC_WARN_ABOUT_RETURN_TYPE = YES_ERROR;
				GCC_WARN_UNDECLARED_SELECTOR = YES;
				GCC_WARN_UNINITIALIZED_AUTOS = YES_AGGRESSIVE;
				GCC_WARN_UNUSED_FUNCTION = YES;
				GCC_WARN_UNUSED_VARIABLE = YES;
				IPHONEOS_DEPLOYMENT_TARGET = 8.1;
				MTL_ENABLE_DEBUG_INFO = YES;
				ONLY_ACTIVE_ARCH = YES;
				SDKROOT = iphoneos;
			};
			name = Debug;
		};
		CD0CE0A51A40C07E002E5B32 /* Release */ = {
			isa = XCBuildConfiguration;
			buildSettings = {
				ALWAYS_SEARCH_USER_PATHS = NO;
				CLANG_CXX_LANGUAGE_STANDARD = "gnu++0x";
				CLANG_CXX_LIBRARY = "libc++";
				CLANG_ENABLE_MODULES = YES;
				CLANG_ENABLE_OBJC_ARC = YES;
				CLANG_WARN_BOOL_CONVERSION = YES;
				CLANG_WARN_CONSTANT_CONVERSION = YES;
				CLANG_WARN_DIRECT_OBJC_ISA_USAGE = YES_ERROR;
				CLANG_WARN_EMPTY_BODY = YES;
				CLANG_WARN_ENUM_CONVERSION = YES;
				CLANG_WARN_INT_CONVERSION = YES;
				CLANG_WARN_OBJC_ROOT_CLASS = YES_ERROR;
				CLANG_WARN_UNREACHABLE_CODE = YES;
				CLANG_WARN__DUPLICATE_METHOD_MATCH = YES;
				"CODE_SIGN_IDENTITY[sdk=iphoneos*]" = "iPhone Developer";
				COPY_PHASE_STRIP = YES;
				ENABLE_NS_ASSERTIONS = NO;
				ENABLE_STRICT_OBJC_MSGSEND = YES;
				GCC_C_LANGUAGE_STANDARD = gnu99;
				GCC_WARN_64_TO_32_BIT_CONVERSION = YES;
				GCC_WARN_ABOUT_RETURN_TYPE = YES_ERROR;
				GCC_WARN_UNDECLARED_SELECTOR = YES;
				GCC_WARN_UNINITIALIZED_AUTOS = YES_AGGRESSIVE;
				GCC_WARN_UNUSED_FUNCTION = YES;
				GCC_WARN_UNUSED_VARIABLE = YES;
				IPHONEOS_DEPLOYMENT_TARGET = 8.1;
				MTL_ENABLE_DEBUG_INFO = NO;
				SDKROOT = iphoneos;
				VALIDATE_PRODUCT = YES;
			};
			name = Release;
		};
		CD0CE0A71A40C07F002E5B32 /* Debug */ = {
			isa = XCBuildConfiguration;
			buildSettings = {
				ASSETCATALOG_COMPILER_APPICON_NAME = AppIcon;
				INFOPLIST_FILE = ChallengeProject/Info.plist;
				LD_RUNPATH_SEARCH_PATHS = "$(inherited) @executable_path/Frameworks";
				PRODUCT_NAME = "$(TARGET_NAME)";
			};
			name = Debug;
		};
		CD0CE0A81A40C07F002E5B32 /* Release */ = {
			isa = XCBuildConfiguration;
			buildSettings = {
				ASSETCATALOG_COMPILER_APPICON_NAME = AppIcon;
				INFOPLIST_FILE = ChallengeProject/Info.plist;
				LD_RUNPATH_SEARCH_PATHS = "$(inherited) @executable_path/Frameworks";
				PRODUCT_NAME = "$(TARGET_NAME)";
			};
			name = Release;
		};
		CD0CE0AA1A40C07F002E5B32 /* Debug */ = {
			isa = XCBuildConfiguration;
			buildSettings = {
				BUNDLE_LOADER = "$(TEST_HOST)";
				FRAMEWORK_SEARCH_PATHS = (
					"$(SDKROOT)/Developer/Library/Frameworks",
					"$(inherited)",
				);
				GCC_PREPROCESSOR_DEFINITIONS = (
					"DEBUG=1",
					"$(inherited)",
				);
				INFOPLIST_FILE = ChallengeProjectTests/Info.plist;
				LD_RUNPATH_SEARCH_PATHS = "$(inherited) @executable_path/Frameworks @loader_path/Frameworks";
				PRODUCT_NAME = "$(TARGET_NAME)";
				TEST_HOST = "$(BUILT_PRODUCTS_DIR)/ChallengeProject.app/ChallengeProject";
			};
			name = Debug;
		};
		CD0CE0AB1A40C07F002E5B32 /* Release */ = {
			isa = XCBuildConfiguration;
			buildSettings = {
				BUNDLE_LOADER = "$(TEST_HOST)";
				FRAMEWORK_SEARCH_PATHS = (
					"$(SDKROOT)/Developer/Library/Frameworks",
					"$(inherited)",
				);
				INFOPLIST_FILE = ChallengeProjectTests/Info.plist;
				LD_RUNPATH_SEARCH_PATHS = "$(inherited) @executable_path/Frameworks @loader_path/Frameworks";
				PRODUCT_NAME = "$(TARGET_NAME)";
				TEST_HOST = "$(BUILT_PRODUCTS_DIR)/ChallengeProject.app/ChallengeProject";
			};
			name = Release;
		};
/* End XCBuildConfiguration section */

/* Begin XCConfigurationList section */
		CD0CE07E1A40C079002E5B32 /* Build configuration list for PBXProject "ChallengeProject" */ = {
			isa = XCConfigurationList;
			buildConfigurations = (
				CD0CE0A41A40C07E002E5B32 /* Debug */,
				CD0CE0A51A40C07E002E5B32 /* Release */,
			);
			defaultConfigurationIsVisible = 0;
			defaultConfigurationName = Release;
		};
		CD0CE0A61A40C07F002E5B32 /* Build configuration list for PBXNativeTarget "ChallengeProject" */ = {
			isa = XCConfigurationList;
			buildConfigurations = (
				CD0CE0A71A40C07F002E5B32 /* Debug */,
				CD0CE0A81A40C07F002E5B32 /* Release */,
			);
			defaultConfigurationIsVisible = 0;
		};
		CD0CE0A91A40C07F002E5B32 /* Build configuration list for PBXNativeTarget "ChallengeProjectTests" */ = {
			isa = XCConfigurationList;
			buildConfigurations = (
				CD0CE0AA1A40C07F002E5B32 /* Debug */,
				CD0CE0AB1A40C07F002E5B32 /* Release */,
			);
			defaultConfigurationIsVisible = 0;
		};
/* End XCConfigurationList section */
	};
	rootObject = CD0CE07B1A40C078002E5B32 /* Project object */;
}
